// !$*UTF8*$!
{
	archiveVersion = 1;
	classes = {
	};
	objectVersion = 55;
	objects = {

/* Begin PBXBuildFile section */
		CF6B18BF27FF1F15005D09B6 /* AppDelegate.swift in Sources */ = {isa = PBXBuildFile; fileRef = CF6B18BE27FF1F15005D09B6 /* AppDelegate.swift */; };
		CF6B18C127FF1F15005D09B6 /* SceneDelegate.swift in Sources */ = {isa = PBXBuildFile; fileRef = CF6B18C027FF1F15005D09B6 /* SceneDelegate.swift */; };
		CF6B18C327FF1F15005D09B6 /* MenuViewController.swift in Sources */ = {isa = PBXBuildFile; fileRef = CF6B18C227FF1F15005D09B6 /* MenuViewController.swift */; };
		CF6B18C627FF1F15005D09B6 /* Main.storyboard in Resources */ = {isa = PBXBuildFile; fileRef = CF6B18C427FF1F15005D09B6 /* Main.storyboard */; };
		CF6B18C927FF1F15005D09B6 /* AnimationsHomework.xcdatamodeld in Sources */ = {isa = PBXBuildFile; fileRef = CF6B18C727FF1F15005D09B6 /* AnimationsHomework.xcdatamodeld */; };
		CF6B18CB27FF1F17005D09B6 /* Assets.xcassets in Resources */ = {isa = PBXBuildFile; fileRef = CF6B18CA27FF1F17005D09B6 /* Assets.xcassets */; };
		CF6B18CE27FF1F17005D09B6 /* LaunchScreen.storyboard in Resources */ = {isa = PBXBuildFile; fileRef = CF6B18CC27FF1F17005D09B6 /* LaunchScreen.storyboard */; };
		CF6B18D627FF2369005D09B6 /* LampControlViewController.swift in Sources */ = {isa = PBXBuildFile; fileRef = CF6B18D527FF2369005D09B6 /* LampControlViewController.swift */; };
		CFB5E5DA27FF2C2E00CBA12F /* Animator.swift in Sources */ = {isa = PBXBuildFile; fileRef = CFB5E5D927FF2C2E00CBA12F /* Animator.swift */; };
		CFB5E5DC27FF2F3000CBA12F /* Cell.swift in Sources */ = {isa = PBXBuildFile; fileRef = CFB5E5DB27FF2F2F00CBA12F /* Cell.swift */; };
/* End PBXBuildFile section */

/* Begin PBXFileReference section */
		CF6B18BB27FF1F15005D09B6 /* AnimationsHomework.app */ = {isa = PBXFileReference; explicitFileType = wrapper.application; includeInIndex = 0; path = AnimationsHomework.app; sourceTree = BUILT_PRODUCTS_DIR; };
		CF6B18BE27FF1F15005D09B6 /* AppDelegate.swift */ = {isa = PBXFileReference; lastKnownFileType = sourcecode.swift; path = AppDelegate.swift; sourceTree = "<group>"; };
		CF6B18C027FF1F15005D09B6 /* SceneDelegate.swift */ = {isa = PBXFileReference; lastKnownFileType = sourcecode.swift; path = SceneDelegate.swift; sourceTree = "<group>"; };
		CF6B18C227FF1F15005D09B6 /* MenuViewController.swift */ = {isa = PBXFileReference; lastKnownFileType = sourcecode.swift; path = MenuViewController.swift; sourceTree = "<group>"; };
		CF6B18C527FF1F15005D09B6 /* Base */ = {isa = PBXFileReference; lastKnownFileType = file.storyboard; name = Base; path = Base.lproj/Main.storyboard; sourceTree = "<group>"; };
		CF6B18C827FF1F15005D09B6 /* AnimationsHomework.xcdatamodel */ = {isa = PBXFileReference; lastKnownFileType = wrapper.xcdatamodel; path = AnimationsHomework.xcdatamodel; sourceTree = "<group>"; };
		CF6B18CA27FF1F17005D09B6 /* Assets.xcassets */ = {isa = PBXFileReference; lastKnownFileType = folder.assetcatalog; path = Assets.xcassets; sourceTree = "<group>"; };
		CF6B18CD27FF1F17005D09B6 /* Base */ = {isa = PBXFileReference; lastKnownFileType = file.storyboard; name = Base; path = Base.lproj/LaunchScreen.storyboard; sourceTree = "<group>"; };
		CF6B18CF27FF1F17005D09B6 /* Info.plist */ = {isa = PBXFileReference; lastKnownFileType = text.plist.xml; path = Info.plist; sourceTree = "<group>"; };
		CF6B18D527FF2369005D09B6 /* LampControlViewController.swift */ = {isa = PBXFileReference; lastKnownFileType = sourcecode.swift; path = LampControlViewController.swift; sourceTree = "<group>"; };
		CFB5E5D927FF2C2E00CBA12F /* Animator.swift */ = {isa = PBXFileReference; lastKnownFileType = sourcecode.swift; path = Animator.swift; sourceTree = "<group>"; };
		CFB5E5DB27FF2F2F00CBA12F /* Cell.swift */ = {isa = PBXFileReference; lastKnownFileType = sourcecode.swift; path = Cell.swift; sourceTree = "<group>"; };
/* End PBXFileReference section */

/* Begin PBXFrameworksBuildPhase section */
		CF6B18B827FF1F15005D09B6 /* Frameworks */ = {
			isa = PBXFrameworksBuildPhase;
			buildActionMask = 2147483647;
			files = (
			);
			runOnlyForDeploymentPostprocessing = 0;
		};
/* End PBXFrameworksBuildPhase section */

/* Begin PBXGroup section */
		CF6B18B227FF1F15005D09B6 = {
			isa = PBXGroup;
			children = (
				CF6B18BD27FF1F15005D09B6 /* AnimationsHomework */,
				CF6B18BC27FF1F15005D09B6 /* Products */,
			);
			sourceTree = "<group>";
		};
		CF6B18BC27FF1F15005D09B6 /* Products */ = {
			isa = PBXGroup;
			children = (
				CF6B18BB27FF1F15005D09B6 /* AnimationsHomework.app */,
			);
			name = Products;
			sourceTree = "<group>";
		};
		CF6B18BD27FF1F15005D09B6 /* AnimationsHomework */ = {
			isa = PBXGroup;
			children = (
				CF6B18BE27FF1F15005D09B6 /* AppDelegate.swift */,
				CF6B18C027FF1F15005D09B6 /* SceneDelegate.swift */,
				CF6B18C227FF1F15005D09B6 /* MenuViewController.swift */,
				CFB5E5DB27FF2F2F00CBA12F /* Cell.swift */,
				CF6B18D527FF2369005D09B6 /* LampControlViewController.swift */,
				CFB5E5D927FF2C2E00CBA12F /* Animator.swift */,
				CF6B18C427FF1F15005D09B6 /* Main.storyboard */,
				CF6B18CA27FF1F17005D09B6 /* Assets.xcassets */,
				CF6B18CC27FF1F17005D09B6 /* LaunchScreen.storyboard */,
				CF6B18CF27FF1F17005D09B6 /* Info.plist */,
				CF6B18C727FF1F15005D09B6 /* AnimationsHomework.xcdatamodeld */,
			);
			path = AnimationsHomework;
			sourceTree = "<group>";
		};
/* End PBXGroup section */

/* Begin PBXNativeTarget section */
		CF6B18BA27FF1F15005D09B6 /* AnimationsHomework */ = {
			isa = PBXNativeTarget;
			buildConfigurationList = CF6B18D227FF1F17005D09B6 /* Build configuration list for PBXNativeTarget "AnimationsHomework" */;
			buildPhases = (
				CF6B18B727FF1F15005D09B6 /* Sources */,
				CF6B18B827FF1F15005D09B6 /* Frameworks */,
				CF6B18B927FF1F15005D09B6 /* Resources */,
			);
			buildRules = (
			);
			dependencies = (
			);
			name = AnimationsHomework;
			productName = AnimationsHomework;
			productReference = CF6B18BB27FF1F15005D09B6 /* AnimationsHomework.app */;
			productType = "com.apple.product-type.application";
		};
/* End PBXNativeTarget section */

/* Begin PBXProject section */
		CF6B18B327FF1F15005D09B6 /* Project object */ = {
			isa = PBXProject;
			attributes = {
				BuildIndependentTargetsInParallel = 1;
				LastSwiftUpdateCheck = 1330;
				LastUpgradeCheck = 1330;
				TargetAttributes = {
					CF6B18BA27FF1F15005D09B6 = {
						CreatedOnToolsVersion = 13.3;
					};
				};
			};
			buildConfigurationList = CF6B18B627FF1F15005D09B6 /* Build configuration list for PBXProject "AnimationsHomework" */;
			compatibilityVersion = "Xcode 13.0";
			developmentRegion = en;
			hasScannedForEncodings = 0;
			knownRegions = (
				en,
				Base,
			);
			mainGroup = CF6B18B227FF1F15005D09B6;
			productRefGroup = CF6B18BC27FF1F15005D09B6 /* Products */;
			projectDirPath = "";
			projectRoot = "";
			targets = (
				CF6B18BA27FF1F15005D09B6 /* AnimationsHomework */,
			);
		};
/* End PBXProject section */

/* Begin PBXResourcesBuildPhase section */
		CF6B18B927FF1F15005D09B6 /* Resources */ = {
			isa = PBXResourcesBuildPhase;
			buildActionMask = 2147483647;
			files = (
				CF6B18CE27FF1F17005D09B6 /* LaunchScreen.storyboard in Resources */,
				CF6B18CB27FF1F17005D09B6 /* Assets.xcassets in Resources */,
				CF6B18C627FF1F15005D09B6 /* Main.storyboard in Resources */,
			);
			runOnlyForDeploymentPostprocessing = 0;
		};
/* End PBXResourcesBuildPhase section */

/* Begin PBXSourcesBuildPhase section */
		CF6B18B727FF1F15005D09B6 /* Sources */ = {
			isa = PBXSourcesBuildPhase;
			buildActionMask = 2147483647;
			files = (
				CFB5E5DA27FF2C2E00CBA12F /* Animator.swift in Sources */,
				CF6B18C327FF1F15005D09B6 /* MenuViewController.swift in Sources */,
				CFB5E5DC27FF2F3000CBA12F /* Cell.swift in Sources */,
				CF6B18D627FF2369005D09B6 /* LampControlViewController.swift in Sources */,
				CF6B18BF27FF1F15005D09B6 /* AppDelegate.swift in Sources */,
				CF6B18C927FF1F15005D09B6 /* AnimationsHomework.xcdatamodeld in Sources */,
				CF6B18C127FF1F15005D09B6 /* SceneDelegate.swift in Sources */,
			);
			runOnlyForDeploymentPostprocessing = 0;
		};
/* End PBXSourcesBuildPhase section */

/* Begin PBXVariantGroup section */
		CF6B18C427FF1F15005D09B6 /* Main.storyboard */ = {
			isa = PBXVariantGroup;
			children = (
				CF6B18C527FF1F15005D09B6 /* Base */,
			);
			name = Main.storyboard;
			sourceTree = "<group>";
		};
		CF6B18CC27FF1F17005D09B6 /* LaunchScreen.storyboard */ = {
			isa = PBXVariantGroup;
			children = (
				CF6B18CD27FF1F17005D09B6 /* Base */,
			);
			name = LaunchScreen.storyboard;
			sourceTree = "<group>";
		};
/* End PBXVariantGroup section */

/* Begin XCBuildConfiguration section */
		CF6B18D027FF1F17005D09B6 /* Debug */ = {
			isa = XCBuildConfiguration;
			buildSettings = {
				ALWAYS_SEARCH_USER_PATHS = NO;
				CLANG_ANALYZER_NONNULL = YES;
				CLANG_ANALYZER_NUMBER_OBJECT_CONVERSION = YES_AGGRESSIVE;
				CLANG_CXX_LANGUAGE_STANDARD = "gnu++17";
				CLANG_ENABLE_MODULES = YES;
				CLANG_ENABLE_OBJC_ARC = YES;
				CLANG_ENABLE_OBJC_WEAK = YES;
				CLANG_WARN_BLOCK_CAPTURE_AUTORELEASING = YES;
				CLANG_WARN_BOOL_CONVERSION = YES;
				CLANG_WARN_COMMA = YES;
				CLANG_WARN_CONSTANT_CONVERSION = YES;
				CLANG_WARN_DEPRECATED_OBJC_IMPLEMENTATIONS = YES;
				CLANG_WARN_DIRECT_OBJC_ISA_USAGE = YES_ERROR;
				CLANG_WARN_DOCUMENTATION_COMMENTS = YES;
				CLANG_WARN_EMPTY_BODY = YES;
				CLANG_WARN_ENUM_CONVERSION = YES;
				CLANG_WARN_INFINITE_RECURSION = YES;
				CLANG_WARN_INT_CONVERSION = YES;
				CLANG_WARN_NON_LITERAL_NULL_CONVERSION = YES;
				CLANG_WARN_OBJC_IMPLICIT_RETAIN_SELF = YES;
				CLANG_WARN_OBJC_LITERAL_CONVERSION = YES;
				CLANG_WARN_OBJC_ROOT_CLASS = YES_ERROR;
				CLANG_WARN_QUOTED_INCLUDE_IN_FRAMEWORK_HEADER = YES;
				CLANG_WARN_RANGE_LOOP_ANALYSIS = YES;
				CLANG_WARN_STRICT_PROTOTYPES = YES;
				CLANG_WARN_SUSPICIOUS_MOVE = YES;
				CLANG_WARN_UNGUARDED_AVAILABILITY = YES_AGGRESSIVE;
				CLANG_WARN_UNREACHABLE_CODE = YES;
				CLANG_WARN__DUPLICATE_METHOD_MATCH = YES;
				COPY_PHASE_STRIP = NO;
				DEBUG_INFORMATION_FORMAT = dwarf;
				ENABLE_STRICT_OBJC_MSGSEND = YES;
				ENABLE_TESTABILITY = YES;
				GCC_C_LANGUAGE_STANDARD = gnu11;
				GCC_DYNAMIC_NO_PIC = NO;
				GCC_NO_COMMON_BLOCKS = YES;
				GCC_OPTIMIZATION_LEVEL = 0;
				GCC_PREPROCESSOR_DEFINITIONS = (
					"DEBUG=1",
					"$(inherited)",
				);
				GCC_WARN_64_TO_32_BIT_CONVERSION = YES;
				GCC_WARN_ABOUT_RETURN_TYPE = YES_ERROR;
				GCC_WARN_UNDECLARED_SELECTOR = YES;
				GCC_WARN_UNINITIALIZED_AUTOS = YES_AGGRESSIVE;
				GCC_WARN_UNUSED_FUNCTION = YES;
				GCC_WARN_UNUSED_VARIABLE = YES;
				IPHONEOS_DEPLOYMENT_TARGET = 15.4;
				MTL_ENABLE_DEBUG_INFO = INCLUDE_SOURCE;
				MTL_FAST_MATH = YES;
				ONLY_ACTIVE_ARCH = YES;
				SDKROOT = iphoneos;
				SWIFT_ACTIVE_COMPILATION_CONDITIONS = DEBUG;
				SWIFT_OPTIMIZATION_LEVEL = "-Onone";
			};
			name = Debug;
		};
		CF6B18D127FF1F17005D09B6 /* Release */ = {
			isa = XCBuildConfiguration;
			buildSettings = {
				ALWAYS_SEARCH_USER_PATHS = NO;
				CLANG_ANALYZER_NONNULL = YES;
				CLANG_ANALYZER_NUMBER_OBJECT_CONVERSION = YES_AGGRESSIVE;
				CLANG_CXX_LANGUAGE_STANDARD = "gnu++17";
				CLANG_ENABLE_MODULES = YES;
				CLANG_ENABLE_OBJC_ARC = YES;
				CLANG_ENABLE_OBJC_WEAK = YES;
				CLANG_WARN_BLOCK_CAPTURE_AUTORELEASING = YES;
				CLANG_WARN_BOOL_CONVERSION = YES;
				CLANG_WARN_COMMA = YES;
				CLANG_WARN_CONSTANT_CONVERSION = YES;
				CLANG_WARN_DEPRECATED_OBJC_IMPLEMENTATIONS = YES;
				CLANG_WARN_DIRECT_OBJC_ISA_USAGE = YES_ERROR;
				CLANG_WARN_DOCUMENTATION_COMMENTS = YES;
				CLANG_WARN_EMPTY_BODY = YES;
				CLANG_WARN_ENUM_CONVERSION = YES;
				CLANG_WARN_INFINITE_RECURSION = YES;
				CLANG_WARN_INT_CONVERSION = YES;
				CLANG_WARN_NON_LITERAL_NULL_CONVERSION = YES;
				CLANG_WARN_OBJC_IMPLICIT_RETAIN_SELF = YES;
				CLANG_WARN_OBJC_LITERAL_CONVERSION = YES;
				CLANG_WARN_OBJC_ROOT_CLASS = YES_ERROR;
				CLANG_WARN_QUOTED_INCLUDE_IN_FRAMEWORK_HEADER = YES;
				CLANG_WARN_RANGE_LOOP_ANALYSIS = YES;
				CLANG_WARN_STRICT_PROTOTYPES = YES;
				CLANG_WARN_SUSPICIOUS_MOVE = YES;
				CLANG_WARN_UNGUARDED_AVAILABILITY = YES_AGGRESSIVE;
				CLANG_WARN_UNREACHABLE_CODE = YES;
				CLANG_WARN__DUPLICATE_METHOD_MATCH = YES;
				COPY_PHASE_STRIP = NO;
				DEBUG_INFORMATION_FORMAT = "dwarf-with-dsym";
				ENABLE_NS_ASSERTIONS = NO;
				ENABLE_STRICT_OBJC_MSGSEND = YES;
				GCC_C_LANGUAGE_STANDARD = gnu11;
				GCC_NO_COMMON_BLOCKS = YES;
				GCC_WARN_64_TO_32_BIT_CONVERSION = YES;
				GCC_WARN_ABOUT_RETURN_TYPE = YES_ERROR;
				GCC_WARN_UNDECLARED_SELECTOR = YES;
				GCC_WARN_UNINITIALIZED_AUTOS = YES_AGGRESSIVE;
				GCC_WARN_UNUSED_FUNCTION = YES;
				GCC_WARN_UNUSED_VARIABLE = YES;
				IPHONEOS_DEPLOYMENT_TARGET = 15.4;
				MTL_ENABLE_DEBUG_INFO = NO;
				MTL_FAST_MATH = YES;
				SDKROOT = iphoneos;
				SWIFT_COMPILATION_MODE = wholemodule;
				SWIFT_OPTIMIZATION_LEVEL = "-O";
				VALIDATE_PRODUCT = YES;
			};
			name = Release;
		};
		CF6B18D327FF1F17005D09B6 /* Debug */ = {
			isa = XCBuildConfiguration;
			buildSettings = {
				ASSETCATALOG_COMPILER_APPICON_NAME = AppIcon;
				ASSETCATALOG_COMPILER_GLOBAL_ACCENT_COLOR_NAME = AccentColor;
				CODE_SIGN_STYLE = Automatic;
				CURRENT_PROJECT_VERSION = 1;
				DEVELOPMENT_TEAM = 5NAKQ28539;
				GENERATE_INFOPLIST_FILE = YES;
				INFOPLIST_FILE = AnimationsHomework/Info.plist;
				INFOPLIST_KEY_UIApplicationSupportsIndirectInputEvents = YES;
				INFOPLIST_KEY_UILaunchStoryboardName = LaunchScreen;
				INFOPLIST_KEY_UIMainStoryboardFile = Main;
				INFOPLIST_KEY_UISupportedInterfaceOrientations_iPad = "UIInterfaceOrientationPortrait UIInterfaceOrientationPortraitUpsideDown UIInterfaceOrientationLandscapeLeft UIInterfaceOrientationLandscapeRight";
				INFOPLIST_KEY_UISupportedInterfaceOrientations_iPhone = "UIInterfaceOrientationPortrait UIInterfaceOrientationLandscapeLeft UIInterfaceOrientationLandscapeRight";
				LD_RUNPATH_SEARCH_PATHS = (
					"$(inherited)",
					"@executable_path/Frameworks",
				);
				MARKETING_VERSION = 1.0;
				PRODUCT_BUNDLE_IDENTIFIER = "com.vigvamcev-media.AnimationsHomework";
				PRODUCT_NAME = "$(TARGET_NAME)";
				SWIFT_EMIT_LOC_STRINGS = YES;
				SWIFT_VERSION = 5.0;
				TARGETED_DEVICE_FAMILY = "1,2";
			};
			name = Debug;
		};
		CF6B18D427FF1F17005D09B6 /* Release */ = {
			isa = XCBuildConfiguration;
			buildSettings = {
				ASSETCATALOG_COMPILER_APPICON_NAME = AppIcon;
				ASSETCATALOG_COMPILER_GLOBAL_ACCENT_COLOR_NAME = AccentColor;
				CODE_SIGN_STYLE = Automatic;
				CURRENT_PROJECT_VERSION = 1;
				DEVELOPMENT_TEAM = 5NAKQ28539;
				GENERATE_INFOPLIST_FILE = YES;
				INFOPLIST_FILE = AnimationsHomework/Info.plist;
				INFOPLIST_KEY_UIApplicationSupportsIndirectInputEvents = YES;
				INFOPLIST_KEY_UILaunchStoryboardName = LaunchScreen;
				INFOPLIST_KEY_UIMainStoryboardFile = Main;
				INFOPLIST_KEY_UISupportedInterfaceOrientations_iPad = "UIInterfaceOrientationPortrait UIInterfaceOrientationPortraitUpsideDown UIInterfaceOrientationLandscapeLeft UIInterfaceOrientationLandscapeRight";
				INFOPLIST_KEY_UISupportedInterfaceOrientations_iPhone = "UIInterfaceOrientationPortrait UIInterfaceOrientationLandscapeLeft UIInterfaceOrientationLandscapeRight";
				LD_RUNPATH_SEARCH_PATHS = (
					"$(inherited)",
					"@executable_path/Frameworks",
				);
				MARKETING_VERSION = 1.0;
				PRODUCT_BUNDLE_IDENTIFIER = "com.vigvamcev-media.AnimationsHomework";
				PRODUCT_NAME = "$(TARGET_NAME)";
				SWIFT_EMIT_LOC_STRINGS = YES;
				SWIFT_VERSION = 5.0;
				TARGETED_DEVICE_FAMILY = "1,2";
			};
			name = Release;
		};
/* End XCBuildConfiguration section */

/* Begin XCConfigurationList section */
		CF6B18B627FF1F15005D09B6 /* Build configuration list for PBXProject "AnimationsHomework" */ = {
			isa = XCConfigurationList;
			buildConfigurations = (
				CF6B18D027FF1F17005D09B6 /* Debug */,
				CF6B18D127FF1F17005D09B6 /* Release */,
			);
			defaultConfigurationIsVisible = 0;
			defaultConfigurationName = Release;
		};
		CF6B18D227FF1F17005D09B6 /* Build configuration list for PBXNativeTarget "AnimationsHomework" */ = {
			isa = XCConfigurationList;
			buildConfigurations = (
				CF6B18D327FF1F17005D09B6 /* Debug */,
				CF6B18D427FF1F17005D09B6 /* Release */,
			);
			defaultConfigurationIsVisible = 0;
			defaultConfigurationName = Release;
		};
/* End XCConfigurationList section */

/* Begin XCVersionGroup section */
		CF6B18C727FF1F15005D09B6 /* AnimationsHomework.xcdatamodeld */ = {
			isa = XCVersionGroup;
			children = (
				CF6B18C827FF1F15005D09B6 /* AnimationsHomework.xcdatamodel */,
			);
			currentVersion = CF6B18C827FF1F15005D09B6 /* AnimationsHomework.xcdatamodel */;
			path = AnimationsHomework.xcdatamodeld;
			sourceTree = "<group>";
			versionGroupType = wrapper.xcdatamodel;
		};
/* End XCVersionGroup section */
	};
	rootObject = CF6B18B327FF1F15005D09B6 /* Project object */;
}
